
Microsoft Visual Studio Solution File, Format Version 12.00
# Visual Studio 14
VisualStudioVersion = 14.0.25420.1
MinimumVisualStudioVersion = 10.0.40219.1
Project("{FAE04EC0-301F-11D3-BF4B-00C04F79EFBC}") = "VidyoConnector15", "VidyoConnector15\VidyoConnector15.csproj", "{33E07BFC-8AB0-4A37-8A40-675B54AAD9AD}"
EndProject
Global
	GlobalSection(SolutionConfigurationPlatforms) = preSolution
		Debug|x64 = Debug|x64
		Debug|x86 = Debug|x86
		Release|x64 = Release|x64
		Release|x86 = Release|x86
	EndGlobalSection
	GlobalSection(ProjectConfigurationPlatforms) = postSolution
		{33E07BFC-8AB0-4A37-8A40-675B54AAD9AD}.Debug|x64.ActiveCfg = Debug|x64
		{33E07BFC-8AB0-4A37-8A40-675B54AAD9AD}.Debug|x64.Build.0 = Debug|x64
		{33E07BFC-8AB0-4A37-8A40-675B54AAD9AD}.Debug|x86.ActiveCfg = Debug|x86
		{33E07BFC-8AB0-4A37-8A40-675B54AAD9AD}.Debug|x86.Build.0 = Debug|x86
		{33E07BFC-8AB0-4A37-8A40-675B54AAD9AD}.Release|x64.ActiveCfg = Release|x64
		{33E07BFC-8AB0-4A37-8A40-675B54AAD9AD}.Release|x64.Build.0 = Release|x64
		{33E07BFC-8AB0-4A37-8A40-675B54AAD9AD}.Release|x86.ActiveCfg = Release|x86
		{33E07BFC-8AB0-4A37-8A40-675B54AAD9AD}.Release|x86.Build.0 = Release|x86
	EndGlobalSection
	GlobalSection(SolutionProperties) = preSolution
		HideSolutionNode = FALSE
	EndGlobalSection
EndGlobal
